
Microsoft Visual Studio Solution File, Format Version 12.00
# Visual Studio Version 17
VisualStudioVersion = 17.2.32616.157
MinimumVisualStudioVersion = 10.0.40219.1
Project("{FAE04EC0-301F-11D3-BF4B-00C04F79EFBC}") = "Selection Statements 2", "Selection Statements 2\Selection Statements 2.csproj", "{C20CF1F2-5514-465F-833C-ECE0A4561E10}"
EndProject
Global
	GlobalSection(SolutionConfigurationPlatforms) = preSolution
		Debug|Any CPU = Debug|Any CPU
		Release|Any CPU = Release|Any CPU
	EndGlobalSection
	GlobalSection(ProjectConfigurationPlatforms) = postSolution
		{C20CF1F2-5514-465F-833C-ECE0A4561E10}.Debug|Any CPU.ActiveCfg = Debug|Any CPU
		{C20CF1F2-5514-465F-833C-ECE0A4561E10}.Debug|Any CPU.Build.0 = Debug|Any CPU
		{C20CF1F2-5514-465F-833C-ECE0A4561E10}.Release|Any CPU.ActiveCfg = Release|Any CPU
		{C20CF1F2-5514-465F-833C-ECE0A4561E10}.Release|Any CPU.Build.0 = Release|Any CPU
	EndGlobalSection
	GlobalSection(SolutionProperties) = preSolution
		HideSolutionNode = FALSE
	EndGlobalSection
	GlobalSection(ExtensibilityGlobals) = postSolution
		SolutionGuid = {698C0947-6E42-4C77-960A-C6575ABB7F61}
	EndGlobalSection
EndGlobal
